// !$*UTF8*$!
{
	archiveVersion = 1;
	classes = {
	};
	objectVersion = 50;
	objects = {

/* Begin PBXBuildFile section */
		465010BD22221D7C0062DF6D /* Image+String.swift in Sources */ = {isa = PBXBuildFile; fileRef = 465010BC22221D7C0062DF6D /* Image+String.swift */; };
		465010BF222236FE0062DF6D /* ImageCache.swift in Sources */ = {isa = PBXBuildFile; fileRef = 465010BE222236FE0062DF6D /* ImageCache.swift */; };
		465010C1222245510062DF6D /* App+UIImage.swift in Sources */ = {isa = PBXBuildFile; fileRef = 465010C0222245510062DF6D /* App+UIImage.swift */; };
		4654D5352220F07200782AFA /* AppDelegate.swift in Sources */ = {isa = PBXBuildFile; fileRef = 4654D5342220F07200782AFA /* AppDelegate.swift */; };
		4654D53C2220F07300782AFA /* Assets.xcassets in Resources */ = {isa = PBXBuildFile; fileRef = 4654D53B2220F07300782AFA /* Assets.xcassets */; };
		4654D54A2220F07300782AFA /* DesignPatternsTests.swift in Sources */ = {isa = PBXBuildFile; fileRef = 4654D5492220F07300782AFA /* DesignPatternsTests.swift */; };
		4654D5572220F35100782AFA /* MainViewController.swift in Sources */ = {isa = PBXBuildFile; fileRef = 4654D5562220F35100782AFA /* MainViewController.swift */; };
		4654D55B2220F36400782AFA /* ApiClient.swift in Sources */ = {isa = PBXBuildFile; fileRef = 4654D5592220F36400782AFA /* ApiClient.swift */; };
		4654D55C2220F36400782AFA /* LocationService.swift in Sources */ = {isa = PBXBuildFile; fileRef = 4654D55A2220F36400782AFA /* LocationService.swift */; };
		4654D5602220F38D00782AFA /* Protocols.swift in Sources */ = {isa = PBXBuildFile; fileRef = 4654D55F2220F38D00782AFA /* Protocols.swift */; };
		4654D5622220F43C00782AFA /* Main.storyboard in Resources */ = {isa = PBXBuildFile; fileRef = 4654D5612220F43C00782AFA /* Main.storyboard */; };
		4654D5652221057500782AFA /* Job.swift in Sources */ = {isa = PBXBuildFile; fileRef = 4654D5642221057500782AFA /* Job.swift */; };
		4654D56722210B2800782AFA /* Environment.swift in Sources */ = {isa = PBXBuildFile; fileRef = 4654D56622210B2800782AFA /* Environment.swift */; };
		4654D5702221248F00782AFA /* MockLocationService.swift in Sources */ = {isa = PBXBuildFile; fileRef = 4654D56E2221248000782AFA /* MockLocationService.swift */; };
		4654D5722221273C00782AFA /* Color.swift in Sources */ = {isa = PBXBuildFile; fileRef = 4654D5712221273C00782AFA /* Color.swift */; };
		4654D5762221291600782AFA /* Detail.storyboard in Resources */ = {isa = PBXBuildFile; fileRef = 4654D5752221291600782AFA /* Detail.storyboard */; };
		4654D5782221294800782AFA /* DetailViewController.swift in Sources */ = {isa = PBXBuildFile; fileRef = 4654D5772221294800782AFA /* DetailViewController.swift */; };
		4654D57A2221299C00782AFA /* App+Storyboard.swift in Sources */ = {isa = PBXBuildFile; fileRef = 4654D5792221299C00782AFA /* App+Storyboard.swift */; };
		4654D57E22212B5100782AFA /* MainTableViewCell.swift in Sources */ = {isa = PBXBuildFile; fileRef = 4654D57C22212B5100782AFA /* MainTableViewCell.swift */; };
		4654D57F22212B5100782AFA /* MainTableViewCell.xib in Resources */ = {isa = PBXBuildFile; fileRef = 4654D57D22212B5100782AFA /* MainTableViewCell.xib */; };
		4654D5812221302200782AFA /* MockApiClient.swift in Sources */ = {isa = PBXBuildFile; fileRef = 4654D568222122FF00782AFA /* MockApiClient.swift */; };
		466C0109222399CE00F07766 /* MainViewModel.swift in Sources */ = {isa = PBXBuildFile; fileRef = 466C0108222399CE00F07766 /* MainViewModel.swift */; };
		466C010B2223A84900F07766 /* ModuleBuilder.swift in Sources */ = {isa = PBXBuildFile; fileRef = 466C010A2223A84900F07766 /* ModuleBuilder.swift */; };
		469EEA59222392D6005E75A3 /* UserLocation.swift in Sources */ = {isa = PBXBuildFile; fileRef = 469EEA58222392D6005E75A3 /* UserLocation.swift */; };
		EEAED50822249AD600B9587B /* MainInteractor.swift in Sources */ = {isa = PBXBuildFile; fileRef = EEAED50722249AD600B9587B /* MainInteractor.swift */; };
		EEAED50A22249AE000B9587B /* MainPresenter.swift in Sources */ = {isa = PBXBuildFile; fileRef = EEAED50922249AE000B9587B /* MainPresenter.swift */; };
		EEAED50C22249AEC00B9587B /* DetailInteractor.swift in Sources */ = {isa = PBXBuildFile; fileRef = EEAED50B22249AEC00B9587B /* DetailInteractor.swift */; };
		EEAED50E22249AF800B9587B /* DetailPresenter.swift in Sources */ = {isa = PBXBuildFile; fileRef = EEAED50D22249AF800B9587B /* DetailPresenter.swift */; };
		EEAED51022249B1C00B9587B /* DetailRouter.swift in Sources */ = {isa = PBXBuildFile; fileRef = EEAED50F22249B1C00B9587B /* DetailRouter.swift */; };
		EEAED51222249B2600B9587B /* MainRouter.swift in Sources */ = {isa = PBXBuildFile; fileRef = EEAED51122249B2600B9587B /* MainRouter.swift */; };
		EEAED51422249B7000B9587B /* DetailModuleBuilder.swift in Sources */ = {isa = PBXBuildFile; fileRef = EEAED51322249B7000B9587B /* DetailModuleBuilder.swift */; };
		EEAED51622249B7A00B9587B /* MainModuleBuilder.swift in Sources */ = {isa = PBXBuildFile; fileRef = EEAED51522249B7A00B9587B /* MainModuleBuilder.swift */; };
		EEF6D2DD22247A6F004BE390 /* DetailViewModel.swift in Sources */ = {isa = PBXBuildFile; fileRef = EEF6D2DC22247A6E004BE390 /* DetailViewModel.swift */; };
/* End PBXBuildFile section */

/* Begin PBXContainerItemProxy section */
		4654D5462220F07300782AFA /* PBXContainerItemProxy */ = {
			isa = PBXContainerItemProxy;
			containerPortal = 4654D5292220F07200782AFA /* Project object */;
			proxyType = 1;
			remoteGlobalIDString = 4654D5302220F07200782AFA;
			remoteInfo = DesignPatterns;
		};
/* End PBXContainerItemProxy section */

/* Begin PBXFileReference section */
		465010BC22221D7C0062DF6D /* Image+String.swift */ = {isa = PBXFileReference; lastKnownFileType = sourcecode.swift; path = "Image+String.swift"; sourceTree = "<group>"; };
		465010BE222236FE0062DF6D /* ImageCache.swift */ = {isa = PBXFileReference; lastKnownFileType = sourcecode.swift; path = ImageCache.swift; sourceTree = "<group>"; };
		465010C0222245510062DF6D /* App+UIImage.swift */ = {isa = PBXFileReference; lastKnownFileType = sourcecode.swift; path = "App+UIImage.swift"; sourceTree = "<group>"; };
		4654D5312220F07200782AFA /* DesignPatterns.app */ = {isa = PBXFileReference; explicitFileType = wrapper.application; includeInIndex = 0; path = DesignPatterns.app; sourceTree = BUILT_PRODUCTS_DIR; };
		4654D5342220F07200782AFA /* AppDelegate.swift */ = {isa = PBXFileReference; lastKnownFileType = sourcecode.swift; path = AppDelegate.swift; sourceTree = "<group>"; };
		4654D53B2220F07300782AFA /* Assets.xcassets */ = {isa = PBXFileReference; lastKnownFileType = folder.assetcatalog; path = Assets.xcassets; sourceTree = "<group>"; };
		4654D5402220F07300782AFA /* Info.plist */ = {isa = PBXFileReference; lastKnownFileType = text.plist.xml; path = Info.plist; sourceTree = "<group>"; };
		4654D5452220F07300782AFA /* DesignPatternsTests.xctest */ = {isa = PBXFileReference; explicitFileType = wrapper.cfbundle; includeInIndex = 0; path = DesignPatternsTests.xctest; sourceTree = BUILT_PRODUCTS_DIR; };
		4654D5492220F07300782AFA /* DesignPatternsTests.swift */ = {isa = PBXFileReference; lastKnownFileType = sourcecode.swift; path = DesignPatternsTests.swift; sourceTree = "<group>"; };
		4654D54B2220F07300782AFA /* Info.plist */ = {isa = PBXFileReference; lastKnownFileType = text.plist.xml; path = Info.plist; sourceTree = "<group>"; };
		4654D5562220F35100782AFA /* MainViewController.swift */ = {isa = PBXFileReference; fileEncoding = 4; lastKnownFileType = sourcecode.swift; path = MainViewController.swift; sourceTree = "<group>"; };
		4654D5592220F36400782AFA /* ApiClient.swift */ = {isa = PBXFileReference; fileEncoding = 4; lastKnownFileType = sourcecode.swift; path = ApiClient.swift; sourceTree = "<group>"; };
		4654D55A2220F36400782AFA /* LocationService.swift */ = {isa = PBXFileReference; fileEncoding = 4; lastKnownFileType = sourcecode.swift; path = LocationService.swift; sourceTree = "<group>"; };
		4654D55F2220F38D00782AFA /* Protocols.swift */ = {isa = PBXFileReference; fileEncoding = 4; lastKnownFileType = sourcecode.swift; path = Protocols.swift; sourceTree = "<group>"; };
		4654D5612220F43C00782AFA /* Main.storyboard */ = {isa = PBXFileReference; fileEncoding = 4; lastKnownFileType = file.storyboard; path = Main.storyboard; sourceTree = "<group>"; };
		4654D5642221057500782AFA /* Job.swift */ = {isa = PBXFileReference; lastKnownFileType = sourcecode.swift; path = Job.swift; sourceTree = "<group>"; };
		4654D56622210B2800782AFA /* Environment.swift */ = {isa = PBXFileReference; lastKnownFileType = sourcecode.swift; path = Environment.swift; sourceTree = "<group>"; };
		4654D568222122FF00782AFA /* MockApiClient.swift */ = {isa = PBXFileReference; lastKnownFileType = sourcecode.swift; path = MockApiClient.swift; sourceTree = "<group>"; };
		4654D56E2221248000782AFA /* MockLocationService.swift */ = {isa = PBXFileReference; lastKnownFileType = sourcecode.swift; path = MockLocationService.swift; sourceTree = "<group>"; };
		4654D5712221273C00782AFA /* Color.swift */ = {isa = PBXFileReference; lastKnownFileType = sourcecode.swift; path = Color.swift; sourceTree = "<group>"; };
		4654D5752221291600782AFA /* Detail.storyboard */ = {isa = PBXFileReference; lastKnownFileType = file.storyboard; path = Detail.storyboard; sourceTree = "<group>"; };
		4654D5772221294800782AFA /* DetailViewController.swift */ = {isa = PBXFileReference; lastKnownFileType = sourcecode.swift; path = DetailViewController.swift; sourceTree = "<group>"; };
		4654D5792221299C00782AFA /* App+Storyboard.swift */ = {isa = PBXFileReference; lastKnownFileType = sourcecode.swift; path = "App+Storyboard.swift"; sourceTree = "<group>"; };
		4654D57C22212B5100782AFA /* MainTableViewCell.swift */ = {isa = PBXFileReference; lastKnownFileType = sourcecode.swift; path = MainTableViewCell.swift; sourceTree = "<group>"; };
		4654D57D22212B5100782AFA /* MainTableViewCell.xib */ = {isa = PBXFileReference; lastKnownFileType = file.xib; path = MainTableViewCell.xib; sourceTree = "<group>"; };
		466C0108222399CE00F07766 /* MainViewModel.swift */ = {isa = PBXFileReference; lastKnownFileType = sourcecode.swift; path = MainViewModel.swift; sourceTree = "<group>"; };
		466C010A2223A84900F07766 /* ModuleBuilder.swift */ = {isa = PBXFileReference; lastKnownFileType = sourcecode.swift; path = ModuleBuilder.swift; sourceTree = "<group>"; };
		469EEA58222392D6005E75A3 /* UserLocation.swift */ = {isa = PBXFileReference; lastKnownFileType = sourcecode.swift; path = UserLocation.swift; sourceTree = "<group>"; };
		EEAED50722249AD600B9587B /* MainInteractor.swift */ = {isa = PBXFileReference; lastKnownFileType = sourcecode.swift; path = MainInteractor.swift; sourceTree = "<group>"; };
		EEAED50922249AE000B9587B /* MainPresenter.swift */ = {isa = PBXFileReference; lastKnownFileType = sourcecode.swift; path = MainPresenter.swift; sourceTree = "<group>"; };
		EEAED50B22249AEC00B9587B /* DetailInteractor.swift */ = {isa = PBXFileReference; lastKnownFileType = sourcecode.swift; path = DetailInteractor.swift; sourceTree = "<group>"; };
		EEAED50D22249AF800B9587B /* DetailPresenter.swift */ = {isa = PBXFileReference; lastKnownFileType = sourcecode.swift; path = DetailPresenter.swift; sourceTree = "<group>"; };
		EEAED50F22249B1C00B9587B /* DetailRouter.swift */ = {isa = PBXFileReference; lastKnownFileType = sourcecode.swift; path = DetailRouter.swift; sourceTree = "<group>"; };
		EEAED51122249B2600B9587B /* MainRouter.swift */ = {isa = PBXFileReference; lastKnownFileType = sourcecode.swift; path = MainRouter.swift; sourceTree = "<group>"; };
		EEAED51322249B7000B9587B /* DetailModuleBuilder.swift */ = {isa = PBXFileReference; lastKnownFileType = sourcecode.swift; path = DetailModuleBuilder.swift; sourceTree = "<group>"; };
		EEAED51522249B7A00B9587B /* MainModuleBuilder.swift */ = {isa = PBXFileReference; lastKnownFileType = sourcecode.swift; path = MainModuleBuilder.swift; sourceTree = "<group>"; };
		EEF6D2DC22247A6E004BE390 /* DetailViewModel.swift */ = {isa = PBXFileReference; lastKnownFileType = sourcecode.swift; path = DetailViewModel.swift; sourceTree = "<group>"; };
/* End PBXFileReference section */

/* Begin PBXFrameworksBuildPhase section */
		4654D52E2220F07200782AFA /* Frameworks */ = {
			isa = PBXFrameworksBuildPhase;
			buildActionMask = 2147483647;
			files = (
			);
			runOnlyForDeploymentPostprocessing = 0;
		};
		4654D5422220F07300782AFA /* Frameworks */ = {
			isa = PBXFrameworksBuildPhase;
			buildActionMask = 2147483647;
			files = (
			);
			runOnlyForDeploymentPostprocessing = 0;
		};
/* End PBXFrameworksBuildPhase section */

/* Begin PBXGroup section */
		4654D5282220F07200782AFA = {
			isa = PBXGroup;
			children = (
				4654D5332220F07200782AFA /* DesignPatterns */,
				4654D5482220F07300782AFA /* DesignPatternsTests */,
				4654D5322220F07200782AFA /* Products */,
			);
			sourceTree = "<group>";
		};
		4654D5322220F07200782AFA /* Products */ = {
			isa = PBXGroup;
			children = (
				4654D5312220F07200782AFA /* DesignPatterns.app */,
				4654D5452220F07300782AFA /* DesignPatternsTests.xctest */,
			);
			name = Products;
			sourceTree = "<group>";
		};
		4654D5332220F07200782AFA /* DesignPatterns */ = {
			isa = PBXGroup;
			children = (
				EEAED50622249AA600B9587B /* Detail */,
				EEAED50522249A9C00B9587B /* Main */,
				466C0107222399BB00F07766 /* ViewModels */,
				4654D53B2220F07300782AFA /* Assets.xcassets */,
				4654D57B22212B3100782AFA /* Cells */,
				4654D5582220F35B00782AFA /* Core */,
				4654D55D2220F36D00782AFA /* Helpers */,
				4654D5402220F07300782AFA /* Info.plist */,
				4654D56C2221232300782AFA /* Mocks */,
				4654D5632221056B00782AFA /* Models */,
				4654D55E2220F37C00782AFA /* UI */,
				4654D5552220F32D00782AFA /* ViewControllers */,
			);
			path = DesignPatterns;
			sourceTree = "<group>";
		};
		4654D5482220F07300782AFA /* DesignPatternsTests */ = {
			isa = PBXGroup;
			children = (
				4654D5492220F07300782AFA /* DesignPatternsTests.swift */,
				4654D54B2220F07300782AFA /* Info.plist */,
			);
			path = DesignPatternsTests;
			sourceTree = "<group>";
		};
		4654D5552220F32D00782AFA /* ViewControllers */ = {
			isa = PBXGroup;
			children = (
			);
			path = ViewControllers;
			sourceTree = "<group>";
		};
		4654D5582220F35B00782AFA /* Core */ = {
			isa = PBXGroup;
			children = (
				4654D5342220F07200782AFA /* AppDelegate.swift */,
				4654D5592220F36400782AFA /* ApiClient.swift */,
				4654D55A2220F36400782AFA /* LocationService.swift */,
				4654D56622210B2800782AFA /* Environment.swift */,
				465010BE222236FE0062DF6D /* ImageCache.swift */,
				466C010A2223A84900F07766 /* ModuleBuilder.swift */,
			);
			path = Core;
			sourceTree = "<group>";
		};
		4654D55D2220F36D00782AFA /* Helpers */ = {
			isa = PBXGroup;
			children = (
				4654D55F2220F38D00782AFA /* Protocols.swift */,
				4654D5712221273C00782AFA /* Color.swift */,
				4654D5792221299C00782AFA /* App+Storyboard.swift */,
				465010BC22221D7C0062DF6D /* Image+String.swift */,
				465010C0222245510062DF6D /* App+UIImage.swift */,
			);
			path = Helpers;
			sourceTree = "<group>";
		};
		4654D55E2220F37C00782AFA /* UI */ = {
			isa = PBXGroup;
			children = (
				4654D5612220F43C00782AFA /* Main.storyboard */,
				4654D5752221291600782AFA /* Detail.storyboard */,
			);
			path = UI;
			sourceTree = "<group>";
		};
		4654D5632221056B00782AFA /* Models */ = {
			isa = PBXGroup;
			children = (
				4654D5642221057500782AFA /* Job.swift */,
				469EEA58222392D6005E75A3 /* UserLocation.swift */,
			);
			path = Models;
			sourceTree = "<group>";
		};
		4654D56C2221232300782AFA /* Mocks */ = {
			isa = PBXGroup;
			children = (
				4654D568222122FF00782AFA /* MockApiClient.swift */,
				4654D56E2221248000782AFA /* MockLocationService.swift */,
			);
			path = Mocks;
			sourceTree = "<group>";
		};
		4654D57B22212B3100782AFA /* Cells */ = {
			isa = PBXGroup;
			children = (
				4654D57C22212B5100782AFA /* MainTableViewCell.swift */,
				4654D57D22212B5100782AFA /* MainTableViewCell.xib */,
			);
			path = Cells;
			sourceTree = "<group>";
		};
		466C0107222399BB00F07766 /* ViewModels */ = {
			isa = PBXGroup;
			children = (
				466C0108222399CE00F07766 /* MainViewModel.swift */,
				EEF6D2DC22247A6E004BE390 /* DetailViewModel.swift */,
			);
			path = ViewModels;
			sourceTree = "<group>";
		};
		EEAED50522249A9C00B9587B /* Main */ = {
			isa = PBXGroup;
			children = (
				4654D5562220F35100782AFA /* MainViewController.swift */,
				EEAED50722249AD600B9587B /* MainInteractor.swift */,
				EEAED50922249AE000B9587B /* MainPresenter.swift */,
				EEAED51122249B2600B9587B /* MainRouter.swift */,
				EEAED51522249B7A00B9587B /* MainModuleBuilder.swift */,
			);
			path = Main;
			sourceTree = "<group>";
		};
		EEAED50622249AA600B9587B /* Detail */ = {
			isa = PBXGroup;
			children = (
				4654D5772221294800782AFA /* DetailViewController.swift */,
				EEAED50B22249AEC00B9587B /* DetailInteractor.swift */,
				EEAED50D22249AF800B9587B /* DetailPresenter.swift */,
				EEAED50F22249B1C00B9587B /* DetailRouter.swift */,
				EEAED51322249B7000B9587B /* DetailModuleBuilder.swift */,
			);
			path = Detail;
			sourceTree = "<group>";
		};
/* End PBXGroup section */

/* Begin PBXNativeTarget section */
		4654D5302220F07200782AFA /* DesignPatterns */ = {
			isa = PBXNativeTarget;
			buildConfigurationList = 4654D54E2220F07300782AFA /* Build configuration list for PBXNativeTarget "DesignPatterns" */;
			buildPhases = (
				4654D52D2220F07200782AFA /* Sources */,
				4654D52E2220F07200782AFA /* Frameworks */,
				4654D52F2220F07200782AFA /* Resources */,
			);
			buildRules = (
			);
			dependencies = (
			);
			name = DesignPatterns;
			productName = DesignPatterns;
			productReference = 4654D5312220F07200782AFA /* DesignPatterns.app */;
			productType = "com.apple.product-type.application";
		};
		4654D5442220F07300782AFA /* DesignPatternsTests */ = {
			isa = PBXNativeTarget;
			buildConfigurationList = 4654D5512220F07300782AFA /* Build configuration list for PBXNativeTarget "DesignPatternsTests" */;
			buildPhases = (
				4654D5412220F07300782AFA /* Sources */,
				4654D5422220F07300782AFA /* Frameworks */,
				4654D5432220F07300782AFA /* Resources */,
			);
			buildRules = (
			);
			dependencies = (
				4654D5472220F07300782AFA /* PBXTargetDependency */,
			);
			name = DesignPatternsTests;
			productName = DesignPatternsTests;
			productReference = 4654D5452220F07300782AFA /* DesignPatternsTests.xctest */;
			productType = "com.apple.product-type.bundle.unit-test";
		};
/* End PBXNativeTarget section */

/* Begin PBXProject section */
		4654D5292220F07200782AFA /* Project object */ = {
			isa = PBXProject;
			attributes = {
				LastSwiftUpdateCheck = 1010;
				LastUpgradeCheck = 1010;
				ORGANIZATIONNAME = dmlebron;
				TargetAttributes = {
					4654D5302220F07200782AFA = {
						CreatedOnToolsVersion = 10.1;
					};
					4654D5442220F07300782AFA = {
						CreatedOnToolsVersion = 10.1;
						TestTargetID = 4654D5302220F07200782AFA;
					};
				};
			};
			buildConfigurationList = 4654D52C2220F07200782AFA /* Build configuration list for PBXProject "DesignPatterns" */;
			compatibilityVersion = "Xcode 9.3";
			developmentRegion = en;
			hasScannedForEncodings = 0;
			knownRegions = (
				en,
				Base,
			);
			mainGroup = 4654D5282220F07200782AFA;
			productRefGroup = 4654D5322220F07200782AFA /* Products */;
			projectDirPath = "";
			projectRoot = "";
			targets = (
				4654D5302220F07200782AFA /* DesignPatterns */,
				4654D5442220F07300782AFA /* DesignPatternsTests */,
			);
		};
/* End PBXProject section */

/* Begin PBXResourcesBuildPhase section */
		4654D52F2220F07200782AFA /* Resources */ = {
			isa = PBXResourcesBuildPhase;
			buildActionMask = 2147483647;
			files = (
				4654D5622220F43C00782AFA /* Main.storyboard in Resources */,
				4654D53C2220F07300782AFA /* Assets.xcassets in Resources */,
				4654D5762221291600782AFA /* Detail.storyboard in Resources */,
				4654D57F22212B5100782AFA /* MainTableViewCell.xib in Resources */,
			);
			runOnlyForDeploymentPostprocessing = 0;
		};
		4654D5432220F07300782AFA /* Resources */ = {
			isa = PBXResourcesBuildPhase;
			buildActionMask = 2147483647;
			files = (
			);
			runOnlyForDeploymentPostprocessing = 0;
		};
/* End PBXResourcesBuildPhase section */

/* Begin PBXSourcesBuildPhase section */
		4654D52D2220F07200782AFA /* Sources */ = {
			isa = PBXSourcesBuildPhase;
			buildActionMask = 2147483647;
			files = (
				EEAED51422249B7000B9587B /* DetailModuleBuilder.swift in Sources */,
				4654D57E22212B5100782AFA /* MainTableViewCell.swift in Sources */,
				4654D57A2221299C00782AFA /* App+Storyboard.swift in Sources */,
				465010BF222236FE0062DF6D /* ImageCache.swift in Sources */,
				EEF6D2DD22247A6F004BE390 /* DetailViewModel.swift in Sources */,
				4654D5782221294800782AFA /* DetailViewController.swift in Sources */,
				4654D5602220F38D00782AFA /* Protocols.swift in Sources */,
				469EEA59222392D6005E75A3 /* UserLocation.swift in Sources */,
				465010BD22221D7C0062DF6D /* Image+String.swift in Sources */,
				4654D5652221057500782AFA /* Job.swift in Sources */,
				EEAED50C22249AEC00B9587B /* DetailInteractor.swift in Sources */,
				EEAED50E22249AF800B9587B /* DetailPresenter.swift in Sources */,
				4654D5352220F07200782AFA /* AppDelegate.swift in Sources */,
				4654D56722210B2800782AFA /* Environment.swift in Sources */,
				466C010B2223A84900F07766 /* ModuleBuilder.swift in Sources */,
				EEAED50A22249AE000B9587B /* MainPresenter.swift in Sources */,
				465010C1222245510062DF6D /* App+UIImage.swift in Sources */,
				EEAED51022249B1C00B9587B /* DetailRouter.swift in Sources */,
				4654D5812221302200782AFA /* MockApiClient.swift in Sources */,
				EEAED51222249B2600B9587B /* MainRouter.swift in Sources */,
				4654D5572220F35100782AFA /* MainViewController.swift in Sources */,
				4654D5702221248F00782AFA /* MockLocationService.swift in Sources */,
				4654D5722221273C00782AFA /* Color.swift in Sources */,
				4654D55C2220F36400782AFA /* LocationService.swift in Sources */,
				EEAED51622249B7A00B9587B /* MainModuleBuilder.swift in Sources */,
				4654D55B2220F36400782AFA /* ApiClient.swift in Sources */,
				EEAED50822249AD600B9587B /* MainInteractor.swift in Sources */,
				466C0109222399CE00F07766 /* MainViewModel.swift in Sources */,
			);
			runOnlyForDeploymentPostprocessing = 0;
		};
		4654D5412220F07300782AFA /* Sources */ = {
			isa = PBXSourcesBuildPhase;
			buildActionMask = 2147483647;
			files = (
				4654D54A2220F07300782AFA /* DesignPatternsTests.swift in Sources */,
			);
			runOnlyForDeploymentPostprocessing = 0;
		};
/* End PBXSourcesBuildPhase section */

/* Begin PBXTargetDependency section */
		4654D5472220F07300782AFA /* PBXTargetDependency */ = {
			isa = PBXTargetDependency;
			target = 4654D5302220F07200782AFA /* DesignPatterns */;
			targetProxy = 4654D5462220F07300782AFA /* PBXContainerItemProxy */;
		};
/* End PBXTargetDependency section */

/* Begin XCBuildConfiguration section */
		4654D54C2220F07300782AFA /* Debug */ = {
			isa = XCBuildConfiguration;
			buildSettings = {
				ALWAYS_SEARCH_USER_PATHS = NO;
				CLANG_ANALYZER_NONNULL = YES;
				CLANG_ANALYZER_NUMBER_OBJECT_CONVERSION = YES_AGGRESSIVE;
				CLANG_CXX_LANGUAGE_STANDARD = "gnu++14";
				CLANG_CXX_LIBRARY = "libc++";
				CLANG_ENABLE_MODULES = YES;
				CLANG_ENABLE_OBJC_ARC = YES;
				CLANG_ENABLE_OBJC_WEAK = YES;
				CLANG_WARN_BLOCK_CAPTURE_AUTORELEASING = YES;
				CLANG_WARN_BOOL_CONVERSION = YES;
				CLANG_WARN_COMMA = YES;
				CLANG_WARN_CONSTANT_CONVERSION = YES;
				CLANG_WARN_DEPRECATED_OBJC_IMPLEMENTATIONS = YES;
				CLANG_WARN_DIRECT_OBJC_ISA_USAGE = YES_ERROR;
				CLANG_WARN_DOCUMENTATION_COMMENTS = YES;
				CLANG_WARN_EMPTY_BODY = YES;
				CLANG_WARN_ENUM_CONVERSION = YES;
				CLANG_WARN_INFINITE_RECURSION = YES;
				CLANG_WARN_INT_CONVERSION = YES;
				CLANG_WARN_NON_LITERAL_NULL_CONVERSION = YES;
				CLANG_WARN_OBJC_IMPLICIT_RETAIN_SELF = YES;
				CLANG_WARN_OBJC_LITERAL_CONVERSION = YES;
				CLANG_WARN_OBJC_ROOT_CLASS = YES_ERROR;
				CLANG_WARN_RANGE_LOOP_ANALYSIS = YES;
				CLANG_WARN_STRICT_PROTOTYPES = YES;
				CLANG_WARN_SUSPICIOUS_MOVE = YES;
				CLANG_WARN_UNGUARDED_AVAILABILITY = YES_AGGRESSIVE;
				CLANG_WARN_UNREACHABLE_CODE = YES;
				CLANG_WARN__DUPLICATE_METHOD_MATCH = YES;
				CODE_SIGN_IDENTITY = "iPhone Developer";
				COPY_PHASE_STRIP = NO;
				DEBUG_INFORMATION_FORMAT = dwarf;
				ENABLE_STRICT_OBJC_MSGSEND = YES;
				ENABLE_TESTABILITY = YES;
				GCC_C_LANGUAGE_STANDARD = gnu11;
				GCC_DYNAMIC_NO_PIC = NO;
				GCC_NO_COMMON_BLOCKS = YES;
				GCC_OPTIMIZATION_LEVEL = 0;
				GCC_PREPROCESSOR_DEFINITIONS = (
					"DEBUG=1",
					"$(inherited)",
				);
				GCC_WARN_64_TO_32_BIT_CONVERSION = YES;
				GCC_WARN_ABOUT_RETURN_TYPE = YES_ERROR;
				GCC_WARN_UNDECLARED_SELECTOR = YES;
				GCC_WARN_UNINITIALIZED_AUTOS = YES_AGGRESSIVE;
				GCC_WARN_UNUSED_FUNCTION = YES;
				GCC_WARN_UNUSED_VARIABLE = YES;
				IPHONEOS_DEPLOYMENT_TARGET = 12.1;
				MTL_ENABLE_DEBUG_INFO = INCLUDE_SOURCE;
				MTL_FAST_MATH = YES;
				ONLY_ACTIVE_ARCH = YES;
				SDKROOT = iphoneos;
				SWIFT_ACTIVE_COMPILATION_CONDITIONS = DEBUG;
				SWIFT_OPTIMIZATION_LEVEL = "-Onone";
			};
			name = Debug;
		};
		4654D54D2220F07300782AFA /* Release */ = {
			isa = XCBuildConfiguration;
			buildSettings = {
				ALWAYS_SEARCH_USER_PATHS = NO;
				CLANG_ANALYZER_NONNULL = YES;
				CLANG_ANALYZER_NUMBER_OBJECT_CONVERSION = YES_AGGRESSIVE;
				CLANG_CXX_LANGUAGE_STANDARD = "gnu++14";
				CLANG_CXX_LIBRARY = "libc++";
				CLANG_ENABLE_MODULES = YES;
				CLANG_ENABLE_OBJC_ARC = YES;
				CLANG_ENABLE_OBJC_WEAK = YES;
				CLANG_WARN_BLOCK_CAPTURE_AUTORELEASING = YES;
				CLANG_WARN_BOOL_CONVERSION = YES;
				CLANG_WARN_COMMA = YES;
				CLANG_WARN_CONSTANT_CONVERSION = YES;
				CLANG_WARN_DEPRECATED_OBJC_IMPLEMENTATIONS = YES;
				CLANG_WARN_DIRECT_OBJC_ISA_USAGE = YES_ERROR;
				CLANG_WARN_DOCUMENTATION_COMMENTS = YES;
				CLANG_WARN_EMPTY_BODY = YES;
				CLANG_WARN_ENUM_CONVERSION = YES;
				CLANG_WARN_INFINITE_RECURSION = YES;
				CLANG_WARN_INT_CONVERSION = YES;
				CLANG_WARN_NON_LITERAL_NULL_CONVERSION = YES;
				CLANG_WARN_OBJC_IMPLICIT_RETAIN_SELF = YES;
				CLANG_WARN_OBJC_LITERAL_CONVERSION = YES;
				CLANG_WARN_OBJC_ROOT_CLASS = YES_ERROR;
				CLANG_WARN_RANGE_LOOP_ANALYSIS = YES;
				CLANG_WARN_STRICT_PROTOTYPES = YES;
				CLANG_WARN_SUSPICIOUS_MOVE = YES;
				CLANG_WARN_UNGUARDED_AVAILABILITY = YES_AGGRESSIVE;
				CLANG_WARN_UNREACHABLE_CODE = YES;
				CLANG_WARN__DUPLICATE_METHOD_MATCH = YES;
				CODE_SIGN_IDENTITY = "iPhone Developer";
				COPY_PHASE_STRIP = NO;
				DEBUG_INFORMATION_FORMAT = "dwarf-with-dsym";
				ENABLE_NS_ASSERTIONS = NO;
				ENABLE_STRICT_OBJC_MSGSEND = YES;
				GCC_C_LANGUAGE_STANDARD = gnu11;
				GCC_NO_COMMON_BLOCKS = YES;
				GCC_WARN_64_TO_32_BIT_CONVERSION = YES;
				GCC_WARN_ABOUT_RETURN_TYPE = YES_ERROR;
				GCC_WARN_UNDECLARED_SELECTOR = YES;
				GCC_WARN_UNINITIALIZED_AUTOS = YES_AGGRESSIVE;
				GCC_WARN_UNUSED_FUNCTION = YES;
				GCC_WARN_UNUSED_VARIABLE = YES;
				IPHONEOS_DEPLOYMENT_TARGET = 12.1;
				MTL_ENABLE_DEBUG_INFO = NO;
				MTL_FAST_MATH = YES;
				SDKROOT = iphoneos;
				SWIFT_COMPILATION_MODE = wholemodule;
				SWIFT_OPTIMIZATION_LEVEL = "-O";
				VALIDATE_PRODUCT = YES;
			};
			name = Release;
		};
		4654D54F2220F07300782AFA /* Debug */ = {
			isa = XCBuildConfiguration;
			buildSettings = {
				ASSETCATALOG_COMPILER_APPICON_NAME = AppIcon;
				CODE_SIGN_STYLE = Automatic;
				DEVELOPMENT_TEAM = 9NM4DLTS84;
				INFOPLIST_FILE = DesignPatterns/Info.plist;
				LD_RUNPATH_SEARCH_PATHS = (
					"$(inherited)",
					"@executable_path/Frameworks",
				);
				PRODUCT_BUNDLE_IDENTIFIER = com.dmlebron.DesignPatterns;
				PRODUCT_NAME = "$(TARGET_NAME)";
				SWIFT_VERSION = 4.2;
				TARGETED_DEVICE_FAMILY = "1,2";
			};
			name = Debug;
		};
		4654D5502220F07300782AFA /* Release */ = {
			isa = XCBuildConfiguration;
			buildSettings = {
				ASSETCATALOG_COMPILER_APPICON_NAME = AppIcon;
				CODE_SIGN_STYLE = Automatic;
				DEVELOPMENT_TEAM = 9NM4DLTS84;
				INFOPLIST_FILE = DesignPatterns/Info.plist;
				LD_RUNPATH_SEARCH_PATHS = (
					"$(inherited)",
					"@executable_path/Frameworks",
				);
				PRODUCT_BUNDLE_IDENTIFIER = com.dmlebron.DesignPatterns;
				PRODUCT_NAME = "$(TARGET_NAME)";
				SWIFT_VERSION = 4.2;
				TARGETED_DEVICE_FAMILY = "1,2";
			};
			name = Release;
		};
		4654D5522220F07300782AFA /* Debug */ = {
			isa = XCBuildConfiguration;
			buildSettings = {
				ALWAYS_EMBED_SWIFT_STANDARD_LIBRARIES = YES;
				BUNDLE_LOADER = "$(TEST_HOST)";
				CODE_SIGN_STYLE = Automatic;
				DEVELOPMENT_TEAM = 9NM4DLTS84;
				INFOPLIST_FILE = DesignPatternsTests/Info.plist;
				LD_RUNPATH_SEARCH_PATHS = (
					"$(inherited)",
					"@executable_path/Frameworks",
					"@loader_path/Frameworks",
				);
				PRODUCT_BUNDLE_IDENTIFIER = com.dmlebron.DesignPatternsTests;
				PRODUCT_NAME = "$(TARGET_NAME)";
				SWIFT_VERSION = 4.2;
				TARGETED_DEVICE_FAMILY = "1,2";
				TEST_HOST = "$(BUILT_PRODUCTS_DIR)/DesignPatterns.app/DesignPatterns";
			};
			name = Debug;
		};
		4654D5532220F07300782AFA /* Release */ = {
			isa = XCBuildConfiguration;
			buildSettings = {
				ALWAYS_EMBED_SWIFT_STANDARD_LIBRARIES = YES;
				BUNDLE_LOADER = "$(TEST_HOST)";
				CODE_SIGN_STYLE = Automatic;
				DEVELOPMENT_TEAM = 9NM4DLTS84;
				INFOPLIST_FILE = DesignPatternsTests/Info.plist;
				LD_RUNPATH_SEARCH_PATHS = (
					"$(inherited)",
					"@executable_path/Frameworks",
					"@loader_path/Frameworks",
				);
				PRODUCT_BUNDLE_IDENTIFIER = com.dmlebron.DesignPatternsTests;
				PRODUCT_NAME = "$(TARGET_NAME)";
				SWIFT_VERSION = 4.2;
				TARGETED_DEVICE_FAMILY = "1,2";
				TEST_HOST = "$(BUILT_PRODUCTS_DIR)/DesignPatterns.app/DesignPatterns";
			};
			name = Release;
		};
/* End XCBuildConfiguration section */

/* Begin XCConfigurationList section */
		4654D52C2220F07200782AFA /* Build configuration list for PBXProject "DesignPatterns" */ = {
			isa = XCConfigurationList;
			buildConfigurations = (
				4654D54C2220F07300782AFA /* Debug */,
				4654D54D2220F07300782AFA /* Release */,
			);
			defaultConfigurationIsVisible = 0;
			defaultConfigurationName = Release;
		};
		4654D54E2220F07300782AFA /* Build configuration list for PBXNativeTarget "DesignPatterns" */ = {
			isa = XCConfigurationList;
			buildConfigurations = (
				4654D54F2220F07300782AFA /* Debug */,
				4654D5502220F07300782AFA /* Release */,
			);
			defaultConfigurationIsVisible = 0;
			defaultConfigurationName = Release;
		};
		4654D5512220F07300782AFA /* Build configuration list for PBXNativeTarget "DesignPatternsTests" */ = {
			isa = XCConfigurationList;
			buildConfigurations = (
				4654D5522220F07300782AFA /* Debug */,
				4654D5532220F07300782AFA /* Release */,
			);
			defaultConfigurationIsVisible = 0;
			defaultConfigurationName = Release;
		};
/* End XCConfigurationList section */
	};
	rootObject = 4654D5292220F07200782AFA /* Project object */;
}
